# THIS IS AN AUTOGENERATED FILE. DO NOT EDIT THIS FILE DIRECTLY.
# yarn lockfile v1


asyncawait@^1.0.6:
  version "1.0.6"
  resolved "https://production-npm.thumbtack.com/asyncawait/-/asyncawait-1.0.6/e446cf54e516a416d7423bbe35bf0b4e2b738b67.tgz#e446cf54e516a416d7423bbe35bf0b4e2b738b67"
  dependencies:
    bluebird "^3.1.1"
    fibers "^1.0.8"
    lodash v3.10.1

bluebird@^3.1.1:
  version "3.5.1"
  resolved "https://production-npm.thumbtack.com/bluebird/-/bluebird-3.5.1/d9551f9de98f1fcda1e683d17ee91a0602ee2eb9.tgz#d9551f9de98f1fcda1e683d17ee91a0602ee2eb9"

crypto@^1.0.1:
  version "1.0.1"
  resolved "https://production-npm.thumbtack.com/crypto/-/crypto-1.0.1/2af1b7cad8175d24c8a1b0778255794a21803037.tgz#2af1b7cad8175d24c8a1b0778255794a21803037"

encoding@^0.1.11:
  version "0.1.12"
  resolved "https://production-npm.thumbtack.com/encoding/-/encoding-0.1.12/538b66f3ee62cd1ab51ec323829d1f9480c74beb.tgz#538b66f3ee62cd1ab51ec323829d1f9480c74beb"
  dependencies:
    iconv-lite "~0.4.13"

fibers@^1.0.8:
  version "1.0.15"
  resolved "https://production-npm.thumbtack.com/fibers/-/fibers-1.0.15/22f039c8f18b856190fbbe4decf056154c1eae9c.tgz#22f039c8f18b856190fbbe4decf056154c1eae9c"

iconv-lite@~0.4.13:
  version "0.4.19"
  resolved "https://production-npm.thumbtack.com/iconv-lite/-/iconv-lite-0.4.19/f7468f60135f5e5dad3399c0a81be9a1603a082b.tgz#f7468f60135f5e5dad3399c0a81be9a1603a082b"

is-stream@^1.0.1:
  version "1.1.0"
  resolved "https://production-npm.thumbtack.com/is-stream/-/is-stream-1.1.0/12d4a3dd4e68e0b79ceb8dbc84173ae80d91ca44.tgz#12d4a3dd4e68e0b79ceb8dbc84173ae80d91ca44"

lodash@v3.10.1:
  version "3.10.1"
  resolved "https://production-npm.thumbtack.com/lodash/-/lodash-3.10.1/5bf45e8e49ba4189e17d482789dfd15bd140b7b6.tgz#5bf45e8e49ba4189e17d482789dfd15bd140b7b6"

node-fetch@^1.7.3:
  version "1.7.3"
  resolved "https://production-npm.thumbtack.com/node-fetch/-/node-fetch-1.7.3/980f6f72d85211a5347c6b2bc18c5b84c3eb47ef.tgz#980f6f72d85211a5347c6b2bc18c5b84c3eb47ef"
  dependencies:
    encoding "^0.1.11"
    is-stream "^1.0.1"
